// !$*UTF8*$!
{
	archiveVersion = 1;
	classes = {
	};
	objectVersion = 46;
	objects = {

/* Begin PBXBuildFile section */
		59AE14581F3AB04F0011E542 /* UIColor.swift in Sources */ = {isa = PBXBuildFile; fileRef = 59AE14571F3AB04F0011E542 /* UIColor.swift */; };
		59AE145B1F3ABF020011E542 /* MainPageController.swift in Sources */ = {isa = PBXBuildFile; fileRef = 59AE145A1F3ABF020011E542 /* MainPageController.swift */; };
		59C3CD231F3A845200ED374E /* AppDelegate.swift in Sources */ = {isa = PBXBuildFile; fileRef = 59C3CD221F3A845200ED374E /* AppDelegate.swift */; };
		59C3CD281F3A845200ED374E /* Main.storyboard in Resources */ = {isa = PBXBuildFile; fileRef = 59C3CD261F3A845200ED374E /* Main.storyboard */; };
		59C3CD2B1F3A845200ED374E /* WhatsNext.xcdatamodeld in Sources */ = {isa = PBXBuildFile; fileRef = 59C3CD291F3A845200ED374E /* WhatsNext.xcdatamodeld */; };
		59C3CD2D1F3A845200ED374E /* Assets.xcassets in Resources */ = {isa = PBXBuildFile; fileRef = 59C3CD2C1F3A845200ED374E /* Assets.xcassets */; };
		59C3CD301F3A845200ED374E /* LaunchScreen.storyboard in Resources */ = {isa = PBXBuildFile; fileRef = 59C3CD2E1F3A845200ED374E /* LaunchScreen.storyboard */; };
		59C3CD3B1F3A845200ED374E /* WhatsNextTests.swift in Sources */ = {isa = PBXBuildFile; fileRef = 59C3CD3A1F3A845200ED374E /* WhatsNextTests.swift */; };
		59C3CD461F3A845200ED374E /* WhatsNextUITests.swift in Sources */ = {isa = PBXBuildFile; fileRef = 59C3CD451F3A845200ED374E /* WhatsNextUITests.swift */; };
		59C3CD541F3A854A00ED374E /* LoginViewController.swift in Sources */ = {isa = PBXBuildFile; fileRef = 59C3CD531F3A854A00ED374E /* LoginViewController.swift */; };
/* End PBXBuildFile section */

/* Begin PBXContainerItemProxy section */
		59C3CD371F3A845200ED374E /* PBXContainerItemProxy */ = {
			isa = PBXContainerItemProxy;
			containerPortal = 59C3CD171F3A845200ED374E /* Project object */;
			proxyType = 1;
			remoteGlobalIDString = 59C3CD1E1F3A845200ED374E;
			remoteInfo = WhatsNext;
		};
		59C3CD421F3A845200ED374E /* PBXContainerItemProxy */ = {
			isa = PBXContainerItemProxy;
			containerPortal = 59C3CD171F3A845200ED374E /* Project object */;
			proxyType = 1;
			remoteGlobalIDString = 59C3CD1E1F3A845200ED374E;
			remoteInfo = WhatsNext;
		};
/* End PBXContainerItemProxy section */

/* Begin PBXFileReference section */
		59AE14571F3AB04F0011E542 /* UIColor.swift */ = {isa = PBXFileReference; fileEncoding = 4; lastKnownFileType = sourcecode.swift; path = UIColor.swift; sourceTree = "<group>"; };
		59AE145A1F3ABF020011E542 /* MainPageController.swift */ = {isa = PBXFileReference; fileEncoding = 4; lastKnownFileType = sourcecode.swift; path = MainPageController.swift; sourceTree = "<group>"; };
		59C3CD1F1F3A845200ED374E /* WhatsNext.app */ = {isa = PBXFileReference; explicitFileType = wrapper.application; includeInIndex = 0; path = WhatsNext.app; sourceTree = BUILT_PRODUCTS_DIR; };
		59C3CD221F3A845200ED374E /* AppDelegate.swift */ = {isa = PBXFileReference; lastKnownFileType = sourcecode.swift; path = AppDelegate.swift; sourceTree = "<group>"; };
		59C3CD271F3A845200ED374E /* Base */ = {isa = PBXFileReference; lastKnownFileType = file.storyboard; name = Base; path = Base.lproj/Main.storyboard; sourceTree = "<group>"; };
		59C3CD2A1F3A845200ED374E /* WhatsNext.xcdatamodel */ = {isa = PBXFileReference; lastKnownFileType = wrapper.xcdatamodel; path = WhatsNext.xcdatamodel; sourceTree = "<group>"; };
		59C3CD2C1F3A845200ED374E /* Assets.xcassets */ = {isa = PBXFileReference; lastKnownFileType = folder.assetcatalog; path = Assets.xcassets; sourceTree = "<group>"; };
		59C3CD2F1F3A845200ED374E /* Base */ = {isa = PBXFileReference; lastKnownFileType = file.storyboard; name = Base; path = Base.lproj/LaunchScreen.storyboard; sourceTree = "<group>"; };
		59C3CD311F3A845200ED374E /* Info.plist */ = {isa = PBXFileReference; lastKnownFileType = text.plist.xml; path = Info.plist; sourceTree = "<group>"; };
		59C3CD361F3A845200ED374E /* WhatsNextTests.xctest */ = {isa = PBXFileReference; explicitFileType = wrapper.cfbundle; includeInIndex = 0; path = WhatsNextTests.xctest; sourceTree = BUILT_PRODUCTS_DIR; };
		59C3CD3A1F3A845200ED374E /* WhatsNextTests.swift */ = {isa = PBXFileReference; lastKnownFileType = sourcecode.swift; path = WhatsNextTests.swift; sourceTree = "<group>"; };
		59C3CD3C1F3A845200ED374E /* Info.plist */ = {isa = PBXFileReference; lastKnownFileType = text.plist.xml; path = Info.plist; sourceTree = "<group>"; };
		59C3CD411F3A845200ED374E /* WhatsNextUITests.xctest */ = {isa = PBXFileReference; explicitFileType = wrapper.cfbundle; includeInIndex = 0; path = WhatsNextUITests.xctest; sourceTree = BUILT_PRODUCTS_DIR; };
		59C3CD451F3A845200ED374E /* WhatsNextUITests.swift */ = {isa = PBXFileReference; lastKnownFileType = sourcecode.swift; path = WhatsNextUITests.swift; sourceTree = "<group>"; };
		59C3CD471F3A845200ED374E /* Info.plist */ = {isa = PBXFileReference; lastKnownFileType = text.plist.xml; path = Info.plist; sourceTree = "<group>"; };
		59C3CD531F3A854A00ED374E /* LoginViewController.swift */ = {isa = PBXFileReference; fileEncoding = 4; lastKnownFileType = sourcecode.swift; name = LoginViewController.swift; path = ../LoginViewController.swift; sourceTree = "<group>"; };
/* End PBXFileReference section */

/* Begin PBXFrameworksBuildPhase section */
		59C3CD1C1F3A845200ED374E /* Frameworks */ = {
			isa = PBXFrameworksBuildPhase;
			buildActionMask = 2147483647;
			files = (
			);
			runOnlyForDeploymentPostprocessing = 0;
		};
		59C3CD331F3A845200ED374E /* Frameworks */ = {
			isa = PBXFrameworksBuildPhase;
			buildActionMask = 2147483647;
			files = (
			);
			runOnlyForDeploymentPostprocessing = 0;
		};
		59C3CD3E1F3A845200ED374E /* Frameworks */ = {
			isa = PBXFrameworksBuildPhase;
			buildActionMask = 2147483647;
			files = (
			);
			runOnlyForDeploymentPostprocessing = 0;
		};
/* End PBXFrameworksBuildPhase section */

/* Begin PBXGroup section */
		59C3CD161F3A845200ED374E = {
			isa = PBXGroup;
			children = (
				59C3CD211F3A845200ED374E /* WhatsNext */,
				59C3CD391F3A845200ED374E /* WhatsNextTests */,
				59C3CD441F3A845200ED374E /* WhatsNextUITests */,
				59C3CD201F3A845200ED374E /* Products */,
			);
			sourceTree = "<group>";
		};
		59C3CD201F3A845200ED374E /* Products */ = {
			isa = PBXGroup;
			children = (
				59C3CD1F1F3A845200ED374E /* WhatsNext.app */,
				59C3CD361F3A845200ED374E /* WhatsNextTests.xctest */,
				59C3CD411F3A845200ED374E /* WhatsNextUITests.xctest */,
			);
			name = Products;
			sourceTree = "<group>";
		};
		59C3CD211F3A845200ED374E /* WhatsNext */ = {
			isa = PBXGroup;
			children = (
				59C3CD551F3A855400ED374E /* ViewControllers */,
				59C3CD221F3A845200ED374E /* AppDelegate.swift */,
				59C3CD261F3A845200ED374E /* Main.storyboard */,
				59C3CD2C1F3A845200ED374E /* Assets.xcassets */,
				59C3CD2E1F3A845200ED374E /* LaunchScreen.storyboard */,
				59C3CD311F3A845200ED374E /* Info.plist */,
				59C3CD291F3A845200ED374E /* WhatsNext.xcdatamodeld */,
				59AE14571F3AB04F0011E542 /* UIColor.swift */,
			);
			path = WhatsNext;
			sourceTree = "<group>";
		};
		59C3CD391F3A845200ED374E /* WhatsNextTests */ = {
			isa = PBXGroup;
			children = (
				59C3CD3A1F3A845200ED374E /* WhatsNextTests.swift */,
				59C3CD3C1F3A845200ED374E /* Info.plist */,
			);
			path = WhatsNextTests;
			sourceTree = "<group>";
		};
		59C3CD441F3A845200ED374E /* WhatsNextUITests */ = {
			isa = PBXGroup;
			children = (
				59C3CD451F3A845200ED374E /* WhatsNextUITests.swift */,
				59C3CD471F3A845200ED374E /* Info.plist */,
			);
			path = WhatsNextUITests;
			sourceTree = "<group>";
		};
		59C3CD551F3A855400ED374E /* ViewControllers */ = {
			isa = PBXGroup;
			children = (
				59C3CD531F3A854A00ED374E /* LoginViewController.swift */,
				59AE145A1F3ABF020011E542 /* MainPageController.swift */,
			);
			name = ViewControllers;
			sourceTree = "<group>";
		};
/* End PBXGroup section */

/* Begin PBXNativeTarget section */
		59C3CD1E1F3A845200ED374E /* WhatsNext */ = {
			isa = PBXNativeTarget;
			buildConfigurationList = 59C3CD4A1F3A845200ED374E /* Build configuration list for PBXNativeTarget "WhatsNext" */;
			buildPhases = (
				59C3CD1B1F3A845200ED374E /* Sources */,
				59C3CD1C1F3A845200ED374E /* Frameworks */,
				59C3CD1D1F3A845200ED374E /* Resources */,
			);
			buildRules = (
			);
			dependencies = (
			);
			name = WhatsNext;
			productName = WhatsNext;
			productReference = 59C3CD1F1F3A845200ED374E /* WhatsNext.app */;
			productType = "com.apple.product-type.application";
		};
		59C3CD351F3A845200ED374E /* WhatsNextTests */ = {
			isa = PBXNativeTarget;
			buildConfigurationList = 59C3CD4D1F3A845200ED374E /* Build configuration list for PBXNativeTarget "WhatsNextTests" */;
			buildPhases = (
				59C3CD321F3A845200ED374E /* Sources */,
				59C3CD331F3A845200ED374E /* Frameworks */,
				59C3CD341F3A845200ED374E /* Resources */,
			);
			buildRules = (
			);
			dependencies = (
				59C3CD381F3A845200ED374E /* PBXTargetDependency */,
			);
			name = WhatsNextTests;
			productName = WhatsNextTests;
			productReference = 59C3CD361F3A845200ED374E /* WhatsNextTests.xctest */;
			productType = "com.apple.product-type.bundle.unit-test";
		};
		59C3CD401F3A845200ED374E /* WhatsNextUITests */ = {
			isa = PBXNativeTarget;
			buildConfigurationList = 59C3CD501F3A845200ED374E /* Build configuration list for PBXNativeTarget "WhatsNextUITests" */;
			buildPhases = (
				59C3CD3D1F3A845200ED374E /* Sources */,
				59C3CD3E1F3A845200ED374E /* Frameworks */,
				59C3CD3F1F3A845200ED374E /* Resources */,
			);
			buildRules = (
			);
			dependencies = (
				59C3CD431F3A845200ED374E /* PBXTargetDependency */,
			);
			name = WhatsNextUITests;
			productName = WhatsNextUITests;
			productReference = 59C3CD411F3A845200ED374E /* WhatsNextUITests.xctest */;
			productType = "com.apple.product-type.bundle.ui-testing";
		};
/* End PBXNativeTarget section */

/* Begin PBXProject section */
		59C3CD171F3A845200ED374E /* Project object */ = {
			isa = PBXProject;
			attributes = {
				LastSwiftUpdateCheck = 0820;
				LastUpgradeCheck = 0820;
				ORGANIZATIONNAME = TamerBader;
				TargetAttributes = {
					59C3CD1E1F3A845200ED374E = {
						CreatedOnToolsVersion = 8.2.1;
						DevelopmentTeam = K74E6J262X;
						ProvisioningStyle = Automatic;
					};
					59C3CD351F3A845200ED374E = {
						CreatedOnToolsVersion = 8.2.1;
						ProvisioningStyle = Automatic;
						TestTargetID = 59C3CD1E1F3A845200ED374E;
					};
					59C3CD401F3A845200ED374E = {
						CreatedOnToolsVersion = 8.2.1;
						ProvisioningStyle = Automatic;
						TestTargetID = 59C3CD1E1F3A845200ED374E;
					};
				};
			};
			buildConfigurationList = 59C3CD1A1F3A845200ED374E /* Build configuration list for PBXProject "WhatsNext" */;
			compatibilityVersion = "Xcode 3.2";
			developmentRegion = English;
			hasScannedForEncodings = 0;
			knownRegions = (
				en,
				Base,
			);
			mainGroup = 59C3CD161F3A845200ED374E;
			productRefGroup = 59C3CD201F3A845200ED374E /* Products */;
			projectDirPath = "";
			projectRoot = "";
			targets = (
				59C3CD1E1F3A845200ED374E /* WhatsNext */,
				59C3CD351F3A845200ED374E /* WhatsNextTests */,
				59C3CD401F3A845200ED374E /* WhatsNextUITests */,
			);
		};
/* End PBXProject section */

/* Begin PBXResourcesBuildPhase section */
		59C3CD1D1F3A845200ED374E /* Resources */ = {
			isa = PBXResourcesBuildPhase;
			buildActionMask = 2147483647;
			files = (
				59C3CD301F3A845200ED374E /* LaunchScreen.storyboard in Resources */,
				59C3CD2D1F3A845200ED374E /* Assets.xcassets in Resources */,
				59C3CD281F3A845200ED374E /* Main.storyboard in Resources */,
			);
			runOnlyForDeploymentPostprocessing = 0;
		};
		59C3CD341F3A845200ED374E /* Resources */ = {
			isa = PBXResourcesBuildPhase;
			buildActionMask = 2147483647;
			files = (
			);
			runOnlyForDeploymentPostprocessing = 0;
		};
		59C3CD3F1F3A845200ED374E /* Resources */ = {
			isa = PBXResourcesBuildPhase;
			buildActionMask = 2147483647;
			files = (
			);
			runOnlyForDeploymentPostprocessing = 0;
		};
/* End PBXResourcesBuildPhase section */

/* Begin PBXSourcesBuildPhase section */
		59C3CD1B1F3A845200ED374E /* Sources */ = {
			isa = PBXSourcesBuildPhase;
			buildActionMask = 2147483647;
			files = (
				59AE145B1F3ABF020011E542 /* MainPageController.swift in Sources */,
				59C3CD541F3A854A00ED374E /* LoginViewController.swift in Sources */,
				59AE14581F3AB04F0011E542 /* UIColor.swift in Sources */,
				59C3CD2B1F3A845200ED374E /* WhatsNext.xcdatamodeld in Sources */,
				59C3CD231F3A845200ED374E /* AppDelegate.swift in Sources */,
			);
			runOnlyForDeploymentPostprocessing = 0;
		};
		59C3CD321F3A845200ED374E /* Sources */ = {
			isa = PBXSourcesBuildPhase;
			buildActionMask = 2147483647;
			files = (
				59C3CD3B1F3A845200ED374E /* WhatsNextTests.swift in Sources */,
			);
			runOnlyForDeploymentPostprocessing = 0;
		};
		59C3CD3D1F3A845200ED374E /* Sources */ = {
			isa = PBXSourcesBuildPhase;
			buildActionMask = 2147483647;
			files = (
				59C3CD461F3A845200ED374E /* WhatsNextUITests.swift in Sources */,
			);
			runOnlyForDeploymentPostprocessing = 0;
		};
/* End PBXSourcesBuildPhase section */

/* Begin PBXTargetDependency section */
		59C3CD381F3A845200ED374E /* PBXTargetDependency */ = {
			isa = PBXTargetDependency;
			target = 59C3CD1E1F3A845200ED374E /* WhatsNext */;
			targetProxy = 59C3CD371F3A845200ED374E /* PBXContainerItemProxy */;
		};
		59C3CD431F3A845200ED374E /* PBXTargetDependency */ = {
			isa = PBXTargetDependency;
			target = 59C3CD1E1F3A845200ED374E /* WhatsNext */;
			targetProxy = 59C3CD421F3A845200ED374E /* PBXContainerItemProxy */;
		};
/* End PBXTargetDependency section */

/* Begin PBXVariantGroup section */
		59C3CD261F3A845200ED374E /* Main.storyboard */ = {
			isa = PBXVariantGroup;
			children = (
				59C3CD271F3A845200ED374E /* Base */,
			);
			name = Main.storyboard;
			sourceTree = "<group>";
		};
		59C3CD2E1F3A845200ED374E /* LaunchScreen.storyboard */ = {
			isa = PBXVariantGroup;
			children = (
				59C3CD2F1F3A845200ED374E /* Base */,
			);
			name = LaunchScreen.storyboard;
			sourceTree = "<group>";
		};
/* End PBXVariantGroup section */

/* Begin XCBuildConfiguration section */
		59C3CD481F3A845200ED374E /* Debug */ = {
			isa = XCBuildConfiguration;
			buildSettings = {
				ALWAYS_SEARCH_USER_PATHS = NO;
				CLANG_ANALYZER_NONNULL = YES;
				CLANG_CXX_LANGUAGE_STANDARD = "gnu++0x";
				CLANG_CXX_LIBRARY = "libc++";
				CLANG_ENABLE_MODULES = YES;
				CLANG_ENABLE_OBJC_ARC = YES;
				CLANG_WARN_BOOL_CONVERSION = YES;
				CLANG_WARN_CONSTANT_CONVERSION = YES;
				CLANG_WARN_DIRECT_OBJC_ISA_USAGE = YES_ERROR;
				CLANG_WARN_DOCUMENTATION_COMMENTS = YES;
				CLANG_WARN_EMPTY_BODY = YES;
				CLANG_WARN_ENUM_CONVERSION = YES;
				CLANG_WARN_INFINITE_RECURSION = YES;
				CLANG_WARN_INT_CONVERSION = YES;
				CLANG_WARN_OBJC_ROOT_CLASS = YES_ERROR;
				CLANG_WARN_SUSPICIOUS_MOVE = YES;
				CLANG_WARN_UNREACHABLE_CODE = YES;
				CLANG_WARN__DUPLICATE_METHOD_MATCH = YES;
				"CODE_SIGN_IDENTITY[sdk=iphoneos*]" = "iPhone Developer";
				COPY_PHASE_STRIP = NO;
				DEBUG_INFORMATION_FORMAT = dwarf;
				ENABLE_STRICT_OBJC_MSGSEND = YES;
				ENABLE_TESTABILITY = YES;
				GCC_C_LANGUAGE_STANDARD = gnu99;
				GCC_DYNAMIC_NO_PIC = NO;
				GCC_NO_COMMON_BLOCKS = YES;
				GCC_OPTIMIZATION_LEVEL = 0;
				GCC_PREPROCESSOR_DEFINITIONS = (
					"DEBUG=1",
					"$(inherited)",
				);
				GCC_WARN_64_TO_32_BIT_CONVERSION = YES;
				GCC_WARN_ABOUT_RETURN_TYPE = YES_ERROR;
				GCC_WARN_UNDECLARED_SELECTOR = YES;
				GCC_WARN_UNINITIALIZED_AUTOS = YES_AGGRESSIVE;
				GCC_WARN_UNUSED_FUNCTION = YES;
				GCC_WARN_UNUSED_VARIABLE = YES;
				IPHONEOS_DEPLOYMENT_TARGET = 10.2;
				MTL_ENABLE_DEBUG_INFO = YES;
				ONLY_ACTIVE_ARCH = YES;
				SDKROOT = iphoneos;
				SWIFT_ACTIVE_COMPILATION_CONDITIONS = DEBUG;
				SWIFT_OPTIMIZATION_LEVEL = "-Onone";
				TARGETED_DEVICE_FAMILY = "1,2";
			};
			name = Debug;
		};
		59C3CD491F3A845200ED374E /* Release */ = {
			isa = XCBuildConfiguration;
			buildSettings = {
				ALWAYS_SEARCH_USER_PATHS = NO;
				CLANG_ANALYZER_NONNULL = YES;
				CLANG_CXX_LANGUAGE_STANDARD = "gnu++0x";
				CLANG_CXX_LIBRARY = "libc++";
				CLANG_ENABLE_MODULES = YES;
				CLANG_ENABLE_OBJC_ARC = YES;
				CLANG_WARN_BOOL_CONVERSION = YES;
				CLANG_WARN_CONSTANT_CONVERSION = YES;
				CLANG_WARN_DIRECT_OBJC_ISA_USAGE = YES_ERROR;
				CLANG_WARN_DOCUMENTATION_COMMENTS = YES;
				CLANG_WARN_EMPTY_BODY = YES;
				CLANG_WARN_ENUM_CONVERSION = YES;
				CLANG_WARN_INFINITE_RECURSION = YES;
				CLANG_WARN_INT_CONVERSION = YES;
				CLANG_WARN_OBJC_ROOT_CLASS = YES_ERROR;
				CLANG_WARN_SUSPICIOUS_MOVE = YES;
				CLANG_WARN_UNREACHABLE_CODE = YES;
				CLANG_WARN__DUPLICATE_METHOD_MATCH = YES;
				"CODE_SIGN_IDENTITY[sdk=iphoneos*]" = "iPhone Developer";
				COPY_PHASE_STRIP = NO;
				DEBUG_INFORMATION_FORMAT = "dwarf-with-dsym";
				ENABLE_NS_ASSERTIONS = NO;
				ENABLE_STRICT_OBJC_MSGSEND = YES;
				GCC_C_LANGUAGE_STANDARD = gnu99;
				GCC_NO_COMMON_BLOCKS = YES;
				GCC_WARN_64_TO_32_BIT_CONVERSION = YES;
				GCC_WARN_ABOUT_RETURN_TYPE = YES_ERROR;
				GCC_WARN_UNDECLARED_SELECTOR = YES;
				GCC_WARN_UNINITIALIZED_AUTOS = YES_AGGRESSIVE;
				GCC_WARN_UNUSED_FUNCTION = YES;
				GCC_WARN_UNUSED_VARIABLE = YES;
				IPHONEOS_DEPLOYMENT_TARGET = 10.2;
				MTL_ENABLE_DEBUG_INFO = NO;
				SDKROOT = iphoneos;
				SWIFT_OPTIMIZATION_LEVEL = "-Owholemodule";
				TARGETED_DEVICE_FAMILY = "1,2";
				VALIDATE_PRODUCT = YES;
			};
			name = Release;
		};
		59C3CD4B1F3A845200ED374E /* Debug */ = {
			isa = XCBuildConfiguration;
			buildSettings = {
				ASSETCATALOG_COMPILER_APPICON_NAME = AppIcon;
				DEVELOPMENT_TEAM = K74E6J262X;
				INFOPLIST_FILE = WhatsNext/Info.plist;
				IPHONEOS_DEPLOYMENT_TARGET = 10.1;
				LD_RUNPATH_SEARCH_PATHS = "$(inherited) @executable_path/Frameworks";
				PRODUCT_BUNDLE_IDENTIFIER = com.tamerbader.WhatsNext;
				PRODUCT_NAME = "$(TARGET_NAME)";
				SWIFT_VERSION = 3.0;
			};
			name = Debug;
		};
		59C3CD4C1F3A845200ED374E /* Release */ = {
			isa = XCBuildConfiguration;
			buildSettings = {
				ASSETCATALOG_COMPILER_APPICON_NAME = AppIcon;
				DEVELOPMENT_TEAM = K74E6J262X;
				INFOPLIST_FILE = WhatsNext/Info.plist;
				IPHONEOS_DEPLOYMENT_TARGET = 10.1;
				LD_RUNPATH_SEARCH_PATHS = "$(inherited) @executable_path/Frameworks";
				PRODUCT_BUNDLE_IDENTIFIER = com.tamerbader.WhatsNext;
				PRODUCT_NAME = "$(TARGET_NAME)";
				SWIFT_VERSION = 3.0;
			};
			name = Release;
		};
		59C3CD4E1F3A845200ED374E /* Debug */ = {
			isa = XCBuildConfiguration;
			buildSettings = {
				ALWAYS_EMBED_SWIFT_STANDARD_LIBRARIES = YES;
				BUNDLE_LOADER = "$(TEST_HOST)";
				INFOPLIST_FILE = WhatsNextTests/Info.plist;
				LD_RUNPATH_SEARCH_PATHS = "$(inherited) @executable_path/Frameworks @loader_path/Frameworks";
				PRODUCT_BUNDLE_IDENTIFIER = com.tamerbader.WhatsNextTests;
				PRODUCT_NAME = "$(TARGET_NAME)";
				SWIFT_VERSION = 3.0;
				TEST_HOST = "$(BUILT_PRODUCTS_DIR)/WhatsNext.app/WhatsNext";
			};
			name = Debug;
		};
		59C3CD4F1F3A845200ED374E /* Release */ = {
			isa = XCBuildConfiguration;
			buildSettings = {
				ALWAYS_EMBED_SWIFT_STANDARD_LIBRARIES = YES;
				BUNDLE_LOADER = "$(TEST_HOST)";
				INFOPLIST_FILE = WhatsNextTests/Info.plist;
				LD_RUNPATH_SEARCH_PATHS = "$(inherited) @executable_path/Frameworks @loader_path/Frameworks";
				PRODUCT_BUNDLE_IDENTIFIER = com.tamerbader.WhatsNextTests;
				PRODUCT_NAME = "$(TARGET_NAME)";
				SWIFT_VERSION = 3.0;
				TEST_HOST = "$(BUILT_PRODUCTS_DIR)/WhatsNext.app/WhatsNext";
			};
			name = Release;
		};
		59C3CD511F3A845200ED374E /* Debug */ = {
			isa = XCBuildConfiguration;
			buildSettings = {
				ALWAYS_EMBED_SWIFT_STANDARD_LIBRARIES = YES;
				INFOPLIST_FILE = WhatsNextUITests/Info.plist;
				LD_RUNPATH_SEARCH_PATHS = "$(inherited) @executable_path/Frameworks @loader_path/Frameworks";
				PRODUCT_BUNDLE_IDENTIFIER = com.tamerbader.WhatsNextUITests;
				PRODUCT_NAME = "$(TARGET_NAME)";
				SWIFT_VERSION = 3.0;
				TEST_TARGET_NAME = WhatsNext;
			};
			name = Debug;
		};
		59C3CD521F3A845200ED374E /* Release */ = {
			isa = XCBuildConfiguration;
			buildSettings = {
				ALWAYS_EMBED_SWIFT_STANDARD_LIBRARIES = YES;
				INFOPLIST_FILE = WhatsNextUITests/Info.plist;
				LD_RUNPATH_SEARCH_PATHS = "$(inherited) @executable_path/Frameworks @loader_path/Frameworks";
				PRODUCT_BUNDLE_IDENTIFIER = com.tamerbader.WhatsNextUITests;
				PRODUCT_NAME = "$(TARGET_NAME)";
				SWIFT_VERSION = 3.0;
				TEST_TARGET_NAME = WhatsNext;
			};
			name = Release;
		};
/* End XCBuildConfiguration section */

/* Begin XCConfigurationList section */
		59C3CD1A1F3A845200ED374E /* Build configuration list for PBXProject "WhatsNext" */ = {
			isa = XCConfigurationList;
			buildConfigurations = (
				59C3CD481F3A845200ED374E /* Debug */,
				59C3CD491F3A845200ED374E /* Release */,
			);
			defaultConfigurationIsVisible = 0;
			defaultConfigurationName = Release;
		};
		59C3CD4A1F3A845200ED374E /* Build configuration list for PBXNativeTarget "WhatsNext" */ = {
			isa = XCConfigurationList;
			buildConfigurations = (
				59C3CD4B1F3A845200ED374E /* Debug */,
				59C3CD4C1F3A845200ED374E /* Release */,
			);
			defaultConfigurationIsVisible = 0;
			defaultConfigurationName = Release;
		};
		59C3CD4D1F3A845200ED374E /* Build configuration list for PBXNativeTarget "WhatsNextTests" */ = {
			isa = XCConfigurationList;
			buildConfigurations = (
				59C3CD4E1F3A845200ED374E /* Debug */,
				59C3CD4F1F3A845200ED374E /* Release */,
			);
			defaultConfigurationIsVisible = 0;
			defaultConfigurationName = Release;
		};
		59C3CD501F3A845200ED374E /* Build configuration list for PBXNativeTarget "WhatsNextUITests" */ = {
			isa = XCConfigurationList;
			buildConfigurations = (
				59C3CD511F3A845200ED374E /* Debug */,
				59C3CD521F3A845200ED374E /* Release */,
			);
			defaultConfigurationIsVisible = 0;
			defaultConfigurationName = Release;
		};
/* End XCConfigurationList section */

/* Begin XCVersionGroup section */
		59C3CD291F3A845200ED374E /* WhatsNext.xcdatamodeld */ = {
			isa = XCVersionGroup;
			children = (
				59C3CD2A1F3A845200ED374E /* WhatsNext.xcdatamodel */,
			);
			currentVersion = 59C3CD2A1F3A845200ED374E /* WhatsNext.xcdatamodel */;
			path = WhatsNext.xcdatamodeld;
			sourceTree = "<group>";
			versionGroupType = wrapper.xcdatamodel;
		};
/* End XCVersionGroup section */
	};
	rootObject = 59C3CD171F3A845200ED374E /* Project object */;
}
